
Microsoft Visual Studio Solution File, Format Version 12.00
Project("{FAE04EC0-301F-11D3-BF4B-00C04F79EFBC}") = "HelloWorld", "HelloWorld\HelloWorld.csproj", "{FFE12964-2DB3-4304-B764-2719A8A5C5F8}"
EndProject
Project("{FAE04EC0-301F-11D3-BF4B-00C04F79EFBC}") = "CalculatorTests", "CalculatorTests\CalculatorTests.csproj", "{585AA729-0907-4877-AAB5-E9351A13939D}"
EndProject
Global
	GlobalSection(SolutionConfigurationPlatforms) = preSolution
		Debug|Any CPU = Debug|Any CPU
		Release|Any CPU = Release|Any CPU
	EndGlobalSection
	GlobalSection(ProjectConfigurationPlatforms) = postSolution
		{FFE12964-2DB3-4304-B764-2719A8A5C5F8}.Debug|Any CPU.ActiveCfg = Debug|Any CPU
		{FFE12964-2DB3-4304-B764-2719A8A5C5F8}.Debug|Any CPU.Build.0 = Debug|Any CPU
		{FFE12964-2DB3-4304-B764-2719A8A5C5F8}.Release|Any CPU.ActiveCfg = Release|Any CPU
		{FFE12964-2DB3-4304-B764-2719A8A5C5F8}.Release|Any CPU.Build.0 = Release|Any CPU
		{585AA729-0907-4877-AAB5-E9351A13939D}.Debug|Any CPU.ActiveCfg = Debug|Any CPU
		{585AA729-0907-4877-AAB5-E9351A13939D}.Debug|Any CPU.Build.0 = Debug|Any CPU
		{585AA729-0907-4877-AAB5-E9351A13939D}.Release|Any CPU.ActiveCfg = Release|Any CPU
		{585AA729-0907-4877-AAB5-E9351A13939D}.Release|Any CPU.Build.0 = Release|Any CPU
	EndGlobalSection
EndGlobal
